{
  "name": "asp.net",
  "version": "1.0.0",
  "lockfileVersion": 1,
  "requires": true,
  "dependencies": {
    "@uirouter/angularjs": {
      "version": "1.0.28",
      "resolved": "https://registry.npmjs.org/@uirouter/angularjs/-/angularjs-1.0.28.tgz",
      "integrity": "sha512-PI9kgUjQu5ItRVUMvdp9j613IT6nCmFRlahTP2MiD4k1RJjY/RwIGzHI9pjuz7PAfdHvxAqGOZEOl6EjVmchyw==",
      "dev": true,
      "requires": {
        "@uirouter/core": "6.0.6"
      }
    },
    "@uirouter/core": {
      "version": "6.0.6",
      "resolved": "https://registry.npmjs.org/@uirouter/core/-/core-6.0.6.tgz",
      "integrity": "sha512-+i1iNaPQRp1JoEnxi4EsTX30bSvkWtPEenENWdvdIzX615Q3WCWwnbW9DtrwX9gSD5qmWEaQEtGMU0uF3qJ+1g==",
      "dev": true
    },
    "@uirouter/visualizer": {
      "version": "7.2.1",
      "resolved": "https://registry.npmjs.org/@uirouter/visualizer/-/visualizer-7.2.1.tgz",
      "integrity": "sha512-Q6kyXHPiHZPsFbI8vuaVmC9WZCSHg11CeqE/WJStQ48DHI32qDW0AGyHZWX+HPonaDRNH/m+9gnfR/HQUSk/3g==",
      "dev": true,
      "requires": {
        "d3-hierarchy": "^2.0.0",
        "d3-interpolate": "=1.4.0",
        "preact": "~10.4.8"
      }
    },
    "angular": {
      "version": "1.5.11",
      "resolved": "https://registry.npmjs.org/angular/-/angular-1.5.11.tgz",
      "integrity": "sha1-jFunOG8VllyazzQp9ogVU6raMNY=",
      "dev": true
    },
    "d3-color": {
      "version": "1.4.1",
      "resolved": "https://registry.npmjs.org/d3-color/-/d3-color-1.4.1.tgz",
      "integrity": "sha512-p2sTHSLCJI2QKunbGb7ocOh7DgTAn8IrLx21QRc/BSnodXM4sv6aLQlnfpvehFMLZEfBc6g9pH9SWQccFYfJ9Q==",
      "dev": true
    },
    "d3-hierarchy": {
      "version": "2.0.0",
      "resolved": "https://registry.npmjs.org/d3-hierarchy/-/d3-hierarchy-2.0.0.tgz",
      "integrity": "sha512-SwIdqM3HxQX2214EG9GTjgmCc/mbSx4mQBn+DuEETubhOw6/U3fmnji4uCVrmzOydMHSO1nZle5gh6HB/wdOzw==",
      "dev": true
    },
    "d3-interpolate": {
      "version": "1.4.0",
      "resolved": "https://registry.npmjs.org/d3-interpolate/-/d3-interpolate-1.4.0.tgz",
      "integrity": "sha512-V9znK0zc3jOPV4VD2zZn0sDhZU3WAE2bmlxdIwwQPPzPjvyLkd8B3JUVdS1IDUFDkWZ72c9qnv1GK2ZagTZ8EA==",
      "dev": true,
      "requires": {
        "d3-color": "1"
      }
    },
    "preact": {
      "version": "10.4.8",
      "resolved": "https://registry.npmjs.org/preact/-/preact-10.4.8.tgz",
      "integrity": "sha512-uVLeEAyRsCkUEFhVHlOu17OxcrwC7+hTGZ08kBoLBiGHiZooUZuibQnphgMKftw/rqYntNMyhVCPqQhcyAGHag==",
      "dev": true
    }
  }
}
